schema: '2.0'
stages:
  train:
    cmd: python train.py
    deps:
    - path: data/MNIST
      md5: 563f931b5aa3d66aaee35ca9ea59ff3e.dir
      size: 66544770
      nfiles: 8
    - path: train.py
      md5: 89cbbe8791bfdbbea2538e3b5291ba96
      size: 3755
    params:
      params.yaml:
        lr: 0.0001
        seed: 473987
        weight_decay: 0
    outs:
    - path: dvclive
      md5: 0294cee5b8f372679ca9da06adc9f225.dir
      size: 766
      nfiles: 2
    - path: model.pt
      md5: e2aea9b1fe06fa298e4f19ecd6f4b052
      size: 410191
    - path: predictions.json
      md5: 2526c4359bb3d47bc54c723a662a0bb3
      size: 310000
