schema: '2.0'
stages:
  train:
    cmd: python train.py
    deps:
    - path: data/MNIST
      md5: 563f931b5aa3d66aaee35ca9ea59ff3e.dir
      size: 66544770
      nfiles: 8
    - path: train.py
      md5: 89cbbe8791bfdbbea2538e3b5291ba96
      size: 3755
    params:
      params.yaml:
        lr: 0.0001
        seed: 473987
        weight_decay: 0
    outs:
    - path: dvclive
      md5: f19df5d6dd7743fe001083e7b266f2e4.dir
      size: 1140
      nfiles: 2
    - path: model.pt
      md5: 29e9b8e31a62b510f36b818a0477d983
      size: 410191
    - path: predictions.json
      md5: acd75e859ff67f49443c3b29359114ea
      size: 310000
