schema: '2.0'
stages:
  train:
    cmd: python train.py
    deps:
    - path: data/MNIST
      md5: 563f931b5aa3d66aaee35ca9ea59ff3e.dir
      size: 66544770
      nfiles: 8
    - path: train.py
      md5: 89cbbe8791bfdbbea2538e3b5291ba96
      size: 3755
    params:
      params.yaml:
        lr: 0.0001
        seed: 473987
        weight_decay: 0
    outs:
    - path: dvclive
      md5: d14fbafb3e737662f384c198bbf6d3cf.dir
      size: 953
      nfiles: 2
    - path: model.pt
      md5: 46d5bb0d8bf9f1e961c9bbbe1b6d1259
      size: 410191
    - path: predictions.json
      md5: 52cdb2ed442a3532ac5103b450165c15
      size: 310000
